
Microsoft Visual Studio Solution File, Format Version 12.00
# Visual Studio 15
VisualStudioVersion = 15.0.26730.16
MinimumVisualStudioVersion = 10.0.40219.1
Project("{FAE04EC0-301F-11D3-BF4B-00C04F79EFBC}") = "HospitalManagmentSystem", "HospitalManagmentSystem\HospitalManagmentSystem.csproj", "{0E92C814-3836-4AE7-A2BE-1F367D96C6D9}"
EndProject
Global
	GlobalSection(SolutionConfigurationPlatforms) = preSolution
		Debug|Any CPU = Debug|Any CPU
		Release|Any CPU = Release|Any CPU
	EndGlobalSection
	GlobalSection(ProjectConfigurationPlatforms) = postSolution
		{0E92C814-3836-4AE7-A2BE-1F367D96C6D9}.Debug|Any CPU.ActiveCfg = Debug|Any CPU
		{0E92C814-3836-4AE7-A2BE-1F367D96C6D9}.Debug|Any CPU.Build.0 = Debug|Any CPU
		{0E92C814-3836-4AE7-A2BE-1F367D96C6D9}.Release|Any CPU.ActiveCfg = Release|Any CPU
		{0E92C814-3836-4AE7-A2BE-1F367D96C6D9}.Release|Any CPU.Build.0 = Release|Any CPU
	EndGlobalSection
	GlobalSection(SolutionProperties) = preSolution
		HideSolutionNode = FALSE
	EndGlobalSection
	GlobalSection(ExtensibilityGlobals) = postSolution
		SolutionGuid = {27D16741-DC05-410F-B983-7E1506DA8061}
	EndGlobalSection
EndGlobal
